
Microsoft Visual Studio Solution File, Format Version 12.00
# Visual Studio Version 16
VisualStudioVersion = 16.0.31205.134
MinimumVisualStudioVersion = 10.0.40219.1
Project("{FAE04EC0-301F-11D3-BF4B-00C04F79EFBC}") = "ComunicAR", "ComunicAR.csproj", "{FC64E334-A694-4A5E-9489-26B802A15A87}"
EndProject
Global
	GlobalSection(SolutionConfigurationPlatforms) = preSolution
		Debug|Any CPU = Debug|Any CPU
		Release|Any CPU = Release|Any CPU
	EndGlobalSection
	GlobalSection(ProjectConfigurationPlatforms) = postSolution
		{FC64E334-A694-4A5E-9489-26B802A15A87}.Debug|Any CPU.ActiveCfg = Debug|Any CPU
		{FC64E334-A694-4A5E-9489-26B802A15A87}.Debug|Any CPU.Build.0 = Debug|Any CPU
		{FC64E334-A694-4A5E-9489-26B802A15A87}.Release|Any CPU.ActiveCfg = Release|Any CPU
		{FC64E334-A694-4A5E-9489-26B802A15A87}.Release|Any CPU.Build.0 = Release|Any CPU
	EndGlobalSection
	GlobalSection(SolutionProperties) = preSolution
		HideSolutionNode = FALSE
	EndGlobalSection
	GlobalSection(ExtensibilityGlobals) = postSolution
		SolutionGuid = {5396588F-5943-470F-8117-1C262D53353A}
	EndGlobalSection
EndGlobal
